{
  "name": "email",
  "version": "1.0.0",
  "lockfileVersion": 2,
  "requires": true,
  "packages": {
    "": {
      "name": "email",
      "version": "1.0.0",
      "license": "ISC",
      "dependencies": {
        "emailjs": "^4.0.0"
      }
    },
    "node_modules/emailjs": {
      "version": "4.0.0",
      "resolved": "https://registry.npmjs.org/emailjs/-/emailjs-4.0.0.tgz",
      "integrity": "sha512-t6LqDjGZnIkM+1ghsgazsaZbXnK7Yt+0Qjx6aCK3EGosenTC3w3aoO5wkWuDiBmdl2z9H/zCnTbKJPjTJripkg==",
      "engines": {
        "node": ">=12"
      },
      "peerDependencies": {
        "typescript": ">=4.3.5"
      },
      "peerDependenciesMeta": {
        "typescript": {
          "optional": true
        }
      }
    }
  },
  "dependencies": {
    "emailjs": {
      "version": "4.0.0",
      "resolved": "https://registry.npmjs.org/emailjs/-/emailjs-4.0.0.tgz",
      "integrity": "sha512-t6LqDjGZnIkM+1ghsgazsaZbXnK7Yt+0Qjx6aCK3EGosenTC3w3aoO5wkWuDiBmdl2z9H/zCnTbKJPjTJripkg==",
      "requires": {}
    }
  }
}
